
Microsoft Visual Studio Solution File, Format Version 12.00
# Visual Studio 2015
Project("{FAE04EC0-301F-11D3-BF4B-00C04F79EFBC}") = "DaTuiHua", "DaTuiHua.csproj", "{8D1C590E-0DF6-7541-1A44-EF7ECFAF0548}"
EndProject
Project("{FAE04EC0-301F-11D3-BF4B-00C04F79EFBC}") = "DaTuiHua.Editor", "DaTuiHua.Editor.csproj", "{593E55F2-A8D3-0A17-A12F-8CD28A14827D}"
EndProject
Global
	GlobalSection(SolutionConfigurationPlatforms) = preSolution
		Debug|Any CPU = Debug|Any CPU
		Release|Any CPU = Release|Any CPU
	EndGlobalSection
	GlobalSection(ProjectConfigurationPlatforms) = postSolution
		{8D1C590E-0DF6-7541-1A44-EF7ECFAF0548}.Debug|Any CPU.ActiveCfg = Debug|Any CPU
		{8D1C590E-0DF6-7541-1A44-EF7ECFAF0548}.Debug|Any CPU.Build.0 = Debug|Any CPU
		{8D1C590E-0DF6-7541-1A44-EF7ECFAF0548}.Release|Any CPU.ActiveCfg = Release|Any CPU
		{8D1C590E-0DF6-7541-1A44-EF7ECFAF0548}.Release|Any CPU.Build.0 = Release|Any CPU
		{593E55F2-A8D3-0A17-A12F-8CD28A14827D}.Debug|Any CPU.ActiveCfg = Debug|Any CPU
		{593E55F2-A8D3-0A17-A12F-8CD28A14827D}.Debug|Any CPU.Build.0 = Debug|Any CPU
		{593E55F2-A8D3-0A17-A12F-8CD28A14827D}.Release|Any CPU.ActiveCfg = Release|Any CPU
		{593E55F2-A8D3-0A17-A12F-8CD28A14827D}.Release|Any CPU.Build.0 = Release|Any CPU
	EndGlobalSection
	GlobalSection(SolutionProperties) = preSolution
		HideSolutionNode = FALSE
	EndGlobalSection
EndGlobal
